
using System;
using System.Collections.Generic;
using System.Linq;
using System.Text;
using System.Threading.Tasks;

namespace customer_order_and_update
{
    internal class customer_order
    {
    }
}
// Required NuGet package: Oracle.ManagedDataAccess using System; using System.Windows.Forms; using Oracle.ManagedDataAccess.Client;

namespace CustomerOrderApp
{
    public partial class MainForm : Form
    {
        private string connectionString = "User Id=system;Password=yenuli;Data Source=DESKTOP-07IQIFU:1521/XEPDB1;"

        public MainForm()
        {
            InitializeComponent();
        }

        private void btnInsert_Click(object sender, EventArgs e)
        {
            if (!int.TryParse(txtOrderId.Text, out int orderId) ||
                !int.TryParse(txtCustomerId.Text, out int customerId) ||
                !double.TryParse(txtAmount.Text, out double amount))
            {
                MessageBox.Show("Please enter valid input values.");
                return;
            }

            using (OracleConnection conn = new OracleConnection(connectionString))
            {
                try
                {
                    conn.Open();
                    using (OracleCommand cmd = new OracleCommand("INSERT_CUSTOMER_ORDER", conn))
                    {
                        cmd.CommandType = System.Data.CommandType.StoredProcedure;

                        cmd.Parameters.Add("P_ORDER_ID", OracleDbType.Int32).Value = orderId;
                        cmd.Parameters.Add("P_CUSTOMER_ID", OracleDbType.Int32).Value = customerId;
                        cmd.Parameters.Add("P_ORDER_AMOUNT", OracleDbType.Double).Value = amount;
                        cmd.Parameters.Add("P_ORDER_STATUS", OracleDbType.Varchar2).Value = txtStatus.Text;

                        cmd.ExecuteNonQuery();
                        MessageBox.Show("Order inserted successfully!");
                    }
                }
                catch (Exception ex)
                {
                    MessageBox.Show("Error: " + ex.Message);
                }
            }
        }
